{
  "version": "3",
  "packages": {
    "specifiers": {
      "jsr:@std/dotenv@^0.224.0": "jsr:@std/dotenv@0.224.0",
      "npm:moment": "npm:moment@2.30.1",
      "npm:nanoid": "npm:nanoid@5.0.7"
    },
    "jsr": {
      "@std/dotenv@0.224.0": {
        "integrity": "d9234cdf551507dcda60abb6c474289843741d8c07ee8ce540c60f5c1b220a1d"
      }
    },
    "npm": {
      "moment@2.30.1": {
        "integrity": "sha512-uEmtNhbDOrWPFS+hdjFCBfy9f2YoyzRpwcl+DqpC6taX21FzsTLQVbMV/W7PzNSX6x/bhC1zA3c2UQ5NzH6how==",
        "dependencies": {}
      },
      "nanoid@5.0.7": {
        "integrity": "sha512-oLxFY2gd2IqnjcYyOXD8XGCftpGtZP2AbHbOkthDkvRywH5ayNtPVy9YlOPcHckXzbLTCHpkb7FB+yuxKV13pQ==",
        "dependencies": {}
      }
    }
  },
  "redirects": {
    "https://esm.sh/@supabase/supabase-js@2": "https://esm.sh/@supabase/supabase-js@2.43.2"
  },
  "remote": {
    "https://deno.land/std@0.224.0/assert/assert.ts": "09d30564c09de846855b7b071e62b5974b001bb72a4b797958fe0660e7849834",
    "https://deno.land/std@0.224.0/assert/assertion_error.ts": "ba8752bd27ebc51f723702fac2f54d3e94447598f54264a6653d6413738a8917",
    "https://deno.land/std@0.224.0/bytes/concat.ts": "86161274b5546a02bdb3154652418efe7af8c9310e8d54107a68aaa148e0f5ed",
    "https://deno.land/std@0.224.0/bytes/copy.ts": "08d85062240a7223e6ec4e2af193ad1a50c59a43f0d86ac3a7b16f3e0d77c028",
    "https://deno.land/std@0.224.0/io/_common.ts": "36705cdb4dfcd338d6131bca1b16e48a4d5bf0d1dada6ce397268e88c17a5835",
    "https://deno.land/std@0.224.0/io/_constants.ts": "3c7ad4695832e6e4a32e35f218c70376b62bc78621ef069a4a0a3d55739f8856",
    "https://deno.land/std@0.224.0/io/buf_reader.ts": "aa6d589e567c964c8ba1f582648f3feac45e88ab2e3d2cc2c9f84fd73c05d051",
    "https://deno.land/std@0.224.0/io/buf_writer.ts": "3fab3fbeae7a6ed1672207b640b6781a2369890878f8a7bb35f95d364dd6dae6",
    "https://deno.land/std@0.224.0/io/buffer.ts": "4d1f805f350433e418002accec798bc6c33ce18f614afa65f987c202d7b2234e",
    "https://deno.land/std@0.224.0/io/copy.ts": "63c6a4acf71fb1e89f5e47a7b3b2972f9d2c56dd645560975ead72db7eb23f61",
    "https://deno.land/std@0.224.0/io/copy_n.ts": "1bad1525b1f78737cb4c11084e2f7cf22359210fea89e2f0e784bd9a4b221fca",
    "https://deno.land/std@0.224.0/io/iterate_reader.ts": "1e5e4fea22d8965afb7df4ee9ab9adda0a0fc581adbea31bc2f2d25453f8a6e9",
    "https://deno.land/std@0.224.0/io/limited_reader.ts": "bbe3f7dafe9dd076d0c92d88b1b94e91ecad4825997064f44c2a767737ad2526",
    "https://deno.land/std@0.224.0/io/mod.ts": "f0a3f9d419394cec27099ba15ab0c8100da1e70928f95ebe646caaf667c6870c",
    "https://deno.land/std@0.224.0/io/multi_reader.ts": "dd8f06d50adec0e1befb92a1d354fcf28733a4b1669b23bf534ace161ce61b1c",
    "https://deno.land/std@0.224.0/io/read_all.ts": "876c1cb20adea15349c72afc86cecd3573335845ae778967aefb5e55fe5a8a4a",
    "https://deno.land/std@0.224.0/io/read_delim.ts": "d26cfed53b0c2c127ec3453ccd65f474ecc36a331209e246448885434afffc4e",
    "https://deno.land/std@0.224.0/io/read_int.ts": "2412f106103a271f5d770b2a61c97b13eebcd18de414a0a092ed82dfcb875903",
    "https://deno.land/std@0.224.0/io/read_lines.ts": "17b96f87dbebc5edb976b3d83dc7713bddb994e9c8cb688012d6c6c26803fb9e",
    "https://deno.land/std@0.224.0/io/read_long.ts": "d7cd367ab5c1263014c32a76afa0f0584c3bf3a3d860963c7368a6825094df46",
    "https://deno.land/std@0.224.0/io/read_range.ts": "2ddfedbfff44e4ea8d60c0463cddb2b1860293d932d6a72a0fb78bdf412538fc",
    "https://deno.land/std@0.224.0/io/read_short.ts": "f6dff570e685ade917dcb5188e8ecf0b701d6581b0cd186f08e6efe7f5ce33f7",
    "https://deno.land/std@0.224.0/io/read_string_delim.ts": "f6beafa8969e6d9d6d7d679f846cd6595d8b6e99091a20a0aecbd50eb30a391e",
    "https://deno.land/std@0.224.0/io/reader_from_stream_reader.ts": "a75bbc93f39df8b0e372cc1fbdc416a7cbf2a39fc4c09ddb057f1241100191c5",
    "https://deno.land/std@0.224.0/io/slice_long_to_bytes.ts": "bc59a7aaac64845371dbd44debf3e864ae7b7e453127751d96e30adb29fb633b",
    "https://deno.land/std@0.224.0/io/string_reader.ts": "279e9ea72e0ed7af6a9cb6da84f4148af93df849d308c31f124ca21f16d09cf2",
    "https://deno.land/std@0.224.0/io/string_writer.ts": "923954c2038a622b84c294b94a3a322565fa0d67e8b4c62942b154fc1ad3bb9b",
    "https://deno.land/std@0.224.0/io/to_readable_stream.ts": "ed03a44a1ec1cc55a85a857acf6cac472035298f6f3b6207ea209f93b4aefb39",
    "https://deno.land/std@0.224.0/io/to_writable_stream.ts": "ef422e0425963c8a1e0481674e66c3023da50f0acbe5ef51ec9789efc3c1e2ed",
    "https://deno.land/std@0.224.0/io/types.ts": "acecb3074c730b5ff487ba4fe9ce51e67bd982aa07c95e5f5679b7b2f24ad129",
    "https://deno.land/std@0.224.0/io/write_all.ts": "24aac2312bb21096ae3ae0b102b22c26164d3249dff96dbac130958aa736f038",
    "https://esm.sh/@supabase/supabase-js@2.43.2": "2d2eadd636b6a01eca889841232b1ea35c67f3ca03cc0d1237dd728ddefa6be0",
    "https://esm.sh/v135/@supabase/auth-js@2.64.2/denonext/auth-js.mjs": "f87ccfa4e23123f7ab122f814fa37ce26c00457a3e32cea718a726d72fec1f37",
    "https://esm.sh/v135/@supabase/functions-js@2.3.1/denonext/functions-js.mjs": "c10a0bbd935fc12cae58918b8e23cb339d54c443983caeb597dd8cd76a76f940",
    "https://esm.sh/v135/@supabase/node-fetch@2.6.15/denonext/node-fetch.mjs": "efad00ea3d4cbe1bee688836ef75339d49a1981bc5728a13e9ad5f26791d5efb",
    "https://esm.sh/v135/@supabase/postgrest-js@1.15.2/denonext/postgrest-js.mjs": "1d36cf3106c6dd6ce21473b57d88478802ceef6d22e67af1f92c508607302e50",
    "https://esm.sh/v135/@supabase/realtime-js@2.9.5/denonext/realtime-js.mjs": "a8648545237fed582a2a01d72d2d9ed9fa28b6adbcba8a844c58cc90d526760d",
    "https://esm.sh/v135/@supabase/storage-js@2.5.5/denonext/storage-js.mjs": "66e29e4e55c7d396503e2d1d9376cfbc34f046b962bce4524c2d80b209fff413",
    "https://esm.sh/v135/@supabase/supabase-js@2.43.2/denonext/supabase-js.mjs": "88bb54f93707b5f2c5bd3ec4a7f7cde7c3d1eb9de29c188da1bae34eb68559bf",
    "https://esm.sh/v135/bufferutil@4.0.8/denonext/bufferutil.mjs": "60a4618cbd1a5cb24935c55590b793d4ecb33862357d32e1d4614a0bbb90947f",
    "https://esm.sh/v135/node-gyp-build@4.6.1/denonext/node-gyp-build.mjs": "5d28b312f145a6cb2ec0dbdd80a7d34c0e0e6b5dcada65411d8bcff6c8991cc6",
    "https://esm.sh/v135/utf-8-validate@6.0.3/denonext/utf-8-validate.mjs": "410c48d66840e987e474a4849cd25829817415cedd25466280effb1287d05aa5",
    "https://esm.sh/v135/ws@8.17.0/denonext/ws.mjs": "098384c6d6b787c4074dae8141a61bfa93a271ccb699b4b426c75141c9ef5560"
  },
  "workspace": {
    "dependencies": [
      "jsr:@std/dotenv@^0.224.0"
    ]
  }
}
